// !$*UTF8*$!
{
	archiveVersion = 1;
	classes = {
	};
	objectVersion = 47;
	objects = {

/* Begin PBXBuildFile section */
		858A7D1A5418E05CB7F4FBE0 /* libPods-CatalogueLiteUITests.a in Frameworks */ = {isa = PBXBuildFile; fileRef = C78E3D82DEED5FE441DE4CC8 /* libPods-CatalogueLiteUITests.a */; };
		914F3D5F1CFAB4F2D096F182 /* libPods-CatalogueLiteTests.a in Frameworks */ = {isa = PBXBuildFile; fileRef = 33226398CCCE104E9FE3C2E6 /* libPods-CatalogueLiteTests.a */; };
		A46CDFB2316CC6C58EFC0CBE /* libPods-CatalogueLite.a in Frameworks */ = {isa = PBXBuildFile; fileRef = E5977185B659B90E59EDDB8A /* libPods-CatalogueLite.a */; };
		E90152921D81911100638832 /* IBESRequest.m in Sources */ = {isa = PBXBuildFile; fileRef = E90152911D81911100638832 /* IBESRequest.m */; };
		E903C0341DB8C6A900F6C98F /* IBESBlockOperationWithProgress.m in Sources */ = {isa = PBXBuildFile; fileRef = E903C0331DB8C6A900F6C98F /* IBESBlockOperationWithProgress.m */; };
		E906ACCA1DA6810D001E6F63 /* IBESParser.m in Sources */ = {isa = PBXBuildFile; fileRef = E906ACC91DA6810D001E6F63 /* IBESParser.m */; };
		E90886AF1D9032A3004E90F9 /* IBESCache.m in Sources */ = {isa = PBXBuildFile; fileRef = E90886AE1D9032A3004E90F9 /* IBESCache.m */; };
		E90B81AA1D9BB9D300EAAF75 /* IBESBannersRequest.m in Sources */ = {isa = PBXBuildFile; fileRef = E90B81A91D9BB9D300EAAF75 /* IBESBannersRequest.m */; };
		E91192651D335EDE00D0C131 /* CLLoadScreenViewController.m in Sources */ = {isa = PBXBuildFile; fileRef = E91192641D335EDD00D0C131 /* CLLoadScreenViewController.m */; };
		E911926A1D3361AE00D0C131 /* CLLoadScreen.m in Sources */ = {isa = PBXBuildFile; fileRef = E91192691D3361AE00D0C131 /* CLLoadScreen.m */; };
		E911926D1D3363B300D0C131 /* CLLoadScreen+Subviews.m in Sources */ = {isa = PBXBuildFile; fileRef = E911926C1D3363B300D0C131 /* CLLoadScreen+Subviews.m */; };
		E9387F811D2927FC00DACE07 /* main.m in Sources */ = {isa = PBXBuildFile; fileRef = E9387F801D2927FC00DACE07 /* main.m */; };
		E9387F8A1D2927FC00DACE07 /* Main.storyboard in Resources */ = {isa = PBXBuildFile; fileRef = E9387F881D2927FC00DACE07 /* Main.storyboard */; };
		E9387F8C1D2927FC00DACE07 /* Assets.xcassets in Resources */ = {isa = PBXBuildFile; fileRef = E9387F8B1D2927FC00DACE07 /* Assets.xcassets */; };
		E9387F8F1D2927FC00DACE07 /* LaunchScreen.storyboard in Resources */ = {isa = PBXBuildFile; fileRef = E9387F8D1D2927FC00DACE07 /* LaunchScreen.storyboard */; };
		E9387F9A1D2927FC00DACE07 /* CatalogueLiteTests.m in Sources */ = {isa = PBXBuildFile; fileRef = E9387F991D2927FC00DACE07 /* CatalogueLiteTests.m */; };
		E9387FA51D2927FC00DACE07 /* CatalogueLiteUITests.m in Sources */ = {isa = PBXBuildFile; fileRef = E9387FA41D2927FC00DACE07 /* CatalogueLiteUITests.m */; };
		E9387FB41D2928A100DACE07 /* CLAppDelegate.m in Sources */ = {isa = PBXBuildFile; fileRef = E9387FB31D2928A100DACE07 /* CLAppDelegate.m */; };
		E948FE211DAC0F4A007F5C56 /* IBESBannersService.m in Sources */ = {isa = PBXBuildFile; fileRef = E948FE201DAC0F4A007F5C56 /* IBESBannersService.m */; };
		E94975641D38D1C100522DFB /* CLLibraryAPI.m in Sources */ = {isa = PBXBuildFile; fileRef = E94975631D38D1C100522DFB /* CLLibraryAPI.m */; };
		E94B5BBE1DAE2912007BF387 /* IBESInfoPageListJSONModel.m in Sources */ = {isa = PBXBuildFile; fileRef = E94B5BBD1DAE2912007BF387 /* IBESInfoPageListJSONModel.m */; };
		E94B5BC11DAE2DB4007BF387 /* IBESInfoPageJSONModel.m in Sources */ = {isa = PBXBuildFile; fileRef = E94B5BC01DAE2DB4007BF387 /* IBESInfoPageJSONModel.m */; };
		E95693581DA9488C008881B4 /* IBESBannersParser.m in Sources */ = {isa = PBXBuildFile; fileRef = E95693571DA9488C008881B4 /* IBESBannersParser.m */; };
		E956935B1DA94CE3008881B4 /* IBESBannersListJSONModel.m in Sources */ = {isa = PBXBuildFile; fileRef = E956935A1DA94CE3008881B4 /* IBESBannersListJSONModel.m */; };
		E956935E1DA94DC3008881B4 /* IBESBannerJSONModel.m in Sources */ = {isa = PBXBuildFile; fileRef = E956935D1DA94DC3008881B4 /* IBESBannerJSONModel.m */; };
		E95C90761D3A5FA300A39A29 /* SystemConfiguration.framework in Frameworks */ = {isa = PBXBuildFile; fileRef = E95C90751D3A5FA300A39A29 /* SystemConfiguration.framework */; };
		E976C52A1D8A496B00EB4DB8 /* IBESService.m in Sources */ = {isa = PBXBuildFile; fileRef = E976C5291D8A496B00EB4DB8 /* IBESService.m */; };
		E9BAD0681DAE33FB0010820E /* IBESInfoPageParser.m in Sources */ = {isa = PBXBuildFile; fileRef = E9BAD0671DAE33FB0010820E /* IBESInfoPageParser.m */; };
		E9BAD06B1DAE3DC10010820E /* IBESInfoPageRequest.m in Sources */ = {isa = PBXBuildFile; fileRef = E9BAD06A1DAE3DC10010820E /* IBESInfoPageRequest.m */; };
		E9BAD06E1DAE3EF00010820E /* IBESInfoPageService.m in Sources */ = {isa = PBXBuildFile; fileRef = E9BAD06D1DAE3EF00010820E /* IBESInfoPageService.m */; };
		E9BAD0721DAF5E060010820E /* IBESBaseInfoJSONModel.m in Sources */ = {isa = PBXBuildFile; fileRef = E9BAD0711DAF5E060010820E /* IBESBaseInfoJSONModel.m */; };
		E9BAD0761DAF61EB0010820E /* IBESBaseInfoParser.m in Sources */ = {isa = PBXBuildFile; fileRef = E9BAD0751DAF61EB0010820E /* IBESBaseInfoParser.m */; };
		E9BAD0791DAF89E30010820E /* IBESBaseInfoRequest.m in Sources */ = {isa = PBXBuildFile; fileRef = E9BAD0781DAF89E30010820E /* IBESBaseInfoRequest.m */; };
		E9BAD07C1DAF8A5B0010820E /* IBESBaseInfoService.m in Sources */ = {isa = PBXBuildFile; fileRef = E9BAD07B1DAF8A5B0010820E /* IBESBaseInfoService.m */; };
		E9BAD0861DAFA35A0010820E /* IBESTaxonIconJSONModel.m in Sources */ = {isa = PBXBuildFile; fileRef = E9BAD0851DAFA35A0010820E /* IBESTaxonIconJSONModel.m */; };
		E9BAD0891DAFA3A90010820E /* IBESTaxonJSONModel.m in Sources */ = {isa = PBXBuildFile; fileRef = E9BAD0881DAFA3A90010820E /* IBESTaxonJSONModel.m */; };
		E9BAD08C1DAFA83E0010820E /* IBESTaxonsListJSONModel.m in Sources */ = {isa = PBXBuildFile; fileRef = E9BAD08B1DAFA83E0010820E /* IBESTaxonsListJSONModel.m */; };
		E9BAD08F1DAFAB0D0010820E /* IBESTaxonsParser.m in Sources */ = {isa = PBXBuildFile; fileRef = E9BAD08E1DAFAB0D0010820E /* IBESTaxonsParser.m */; };
		E9BAD0921DAFB76F0010820E /* IBESTaxonsRequest.m in Sources */ = {isa = PBXBuildFile; fileRef = E9BAD0911DAFB76F0010820E /* IBESTaxonsRequest.m */; };
		E9BAD0951DAFBAD10010820E /* IBESTaxonsService.m in Sources */ = {isa = PBXBuildFile; fileRef = E9BAD0941DAFBAD10010820E /* IBESTaxonsService.m */; };
		E9E0EDD41DCA148F0083F16B /* IBESLoadingViewController.m in Sources */ = {isa = PBXBuildFile; fileRef = E9E0EDD31DCA148F0083F16B /* IBESLoadingViewController.m */; };
		E9E0EDD81DCA15120083F16B /* IBESMenuViewController.m in Sources */ = {isa = PBXBuildFile; fileRef = E9E0EDD71DCA15120083F16B /* IBESMenuViewController.m */; };
/* End PBXBuildFile section */

/* Begin PBXContainerItemProxy section */
		E9387F961D2927FC00DACE07 /* PBXContainerItemProxy */ = {
			isa = PBXContainerItemProxy;
			containerPortal = E9387F741D2927FC00DACE07 /* Project object */;
			proxyType = 1;
			remoteGlobalIDString = E9387F7B1D2927FC00DACE07;
			remoteInfo = CatalogueLite;
		};
		E9387FA11D2927FC00DACE07 /* PBXContainerItemProxy */ = {
			isa = PBXContainerItemProxy;
			containerPortal = E9387F741D2927FC00DACE07 /* Project object */;
			proxyType = 1;
			remoteGlobalIDString = E9387F7B1D2927FC00DACE07;
			remoteInfo = CatalogueLite;
		};
/* End PBXContainerItemProxy section */

/* Begin PBXFileReference section */
		089576ADF133CEA487689CCA /* Pods-CatalogueLite.debug.xcconfig */ = {isa = PBXFileReference; includeInIndex = 1; lastKnownFileType = text.xcconfig; name = "Pods-CatalogueLite.debug.xcconfig"; path = "Pods/Target Support Files/Pods-CatalogueLite/Pods-CatalogueLite.debug.xcconfig"; sourceTree = "<group>"; };
		33226398CCCE104E9FE3C2E6 /* libPods-CatalogueLiteTests.a */ = {isa = PBXFileReference; explicitFileType = archive.ar; includeInIndex = 0; path = "libPods-CatalogueLiteTests.a"; sourceTree = BUILT_PRODUCTS_DIR; };
		34FE3771FA24AAFC796B3794 /* Pods-CatalogueLiteUITests.release.xcconfig */ = {isa = PBXFileReference; includeInIndex = 1; lastKnownFileType = text.xcconfig; name = "Pods-CatalogueLiteUITests.release.xcconfig"; path = "Pods/Target Support Files/Pods-CatalogueLiteUITests/Pods-CatalogueLiteUITests.release.xcconfig"; sourceTree = "<group>"; };
		8F63E617017DF3D5B4E10DF9 /* Pods-CatalogueLiteTests.release.xcconfig */ = {isa = PBXFileReference; includeInIndex = 1; lastKnownFileType = text.xcconfig; name = "Pods-CatalogueLiteTests.release.xcconfig"; path = "Pods/Target Support Files/Pods-CatalogueLiteTests/Pods-CatalogueLiteTests.release.xcconfig"; sourceTree = "<group>"; };
		AB35DDE79FB9679B7161E8A6 /* Pods-CatalogueLiteUITests.debug.xcconfig */ = {isa = PBXFileReference; includeInIndex = 1; lastKnownFileType = text.xcconfig; name = "Pods-CatalogueLiteUITests.debug.xcconfig"; path = "Pods/Target Support Files/Pods-CatalogueLiteUITests/Pods-CatalogueLiteUITests.debug.xcconfig"; sourceTree = "<group>"; };
		C78E3D82DEED5FE441DE4CC8 /* libPods-CatalogueLiteUITests.a */ = {isa = PBXFileReference; explicitFileType = archive.ar; includeInIndex = 0; path = "libPods-CatalogueLiteUITests.a"; sourceTree = BUILT_PRODUCTS_DIR; };
		E2863B802C70AD6D94D83429 /* Pods-CatalogueLite.release.xcconfig */ = {isa = PBXFileReference; includeInIndex = 1; lastKnownFileType = text.xcconfig; name = "Pods-CatalogueLite.release.xcconfig"; path = "Pods/Target Support Files/Pods-CatalogueLite/Pods-CatalogueLite.release.xcconfig"; sourceTree = "<group>"; };
		E5977185B659B90E59EDDB8A /* libPods-CatalogueLite.a */ = {isa = PBXFileReference; explicitFileType = archive.ar; includeInIndex = 0; path = "libPods-CatalogueLite.a"; sourceTree = BUILT_PRODUCTS_DIR; };
		E90152901D81911100638832 /* IBESRequest.h */ = {isa = PBXFileReference; fileEncoding = 4; lastKnownFileType = sourcecode.c.h; path = IBESRequest.h; sourceTree = "<group>"; };
		E90152911D81911100638832 /* IBESRequest.m */ = {isa = PBXFileReference; fileEncoding = 4; lastKnownFileType = sourcecode.c.objc; path = IBESRequest.m; sourceTree = "<group>"; };
		E903C0321DB8C6A900F6C98F /* IBESBlockOperationWithProgress.h */ = {isa = PBXFileReference; fileEncoding = 4; lastKnownFileType = sourcecode.c.h; path = IBESBlockOperationWithProgress.h; sourceTree = "<group>"; };
		E903C0331DB8C6A900F6C98F /* IBESBlockOperationWithProgress.m */ = {isa = PBXFileReference; fileEncoding = 4; lastKnownFileType = sourcecode.c.objc; path = IBESBlockOperationWithProgress.m; sourceTree = "<group>"; };
		E906ACC81DA6810D001E6F63 /* IBESParser.h */ = {isa = PBXFileReference; fileEncoding = 4; lastKnownFileType = sourcecode.c.h; path = IBESParser.h; sourceTree = "<group>"; };
		E906ACC91DA6810D001E6F63 /* IBESParser.m */ = {isa = PBXFileReference; fileEncoding = 4; lastKnownFileType = sourcecode.c.objc; path = IBESParser.m; sourceTree = "<group>"; };
		E90886AD1D9032A3004E90F9 /* IBESCache.h */ = {isa = PBXFileReference; fileEncoding = 4; lastKnownFileType = sourcecode.c.h; path = IBESCache.h; sourceTree = "<group>"; };
		E90886AE1D9032A3004E90F9 /* IBESCache.m */ = {isa = PBXFileReference; fileEncoding = 4; lastKnownFileType = sourcecode.c.objc; path = IBESCache.m; sourceTree = "<group>"; };
		E90B81A81D9BB9D300EAAF75 /* IBESBannersRequest.h */ = {isa = PBXFileReference; fileEncoding = 4; lastKnownFileType = sourcecode.c.h; path = IBESBannersRequest.h; sourceTree = "<group>"; };
		E90B81A91D9BB9D300EAAF75 /* IBESBannersRequest.m */ = {isa = PBXFileReference; fileEncoding = 4; lastKnownFileType = sourcecode.c.objc; path = IBESBannersRequest.m; sourceTree = "<group>"; };
		E91192631D335EDD00D0C131 /* CLLoadScreenViewController.h */ = {isa = PBXFileReference; fileEncoding = 4; lastKnownFileType = sourcecode.c.h; path = CLLoadScreenViewController.h; sourceTree = "<group>"; };
		E91192641D335EDD00D0C131 /* CLLoadScreenViewController.m */ = {isa = PBXFileReference; fileEncoding = 4; lastKnownFileType = sourcecode.c.objc; path = CLLoadScreenViewController.m; sourceTree = "<group>"; };
		E91192681D3361AE00D0C131 /* CLLoadScreen.h */ = {isa = PBXFileReference; fileEncoding = 4; lastKnownFileType = sourcecode.c.h; path = CLLoadScreen.h; sourceTree = "<group>"; };
		E91192691D3361AE00D0C131 /* CLLoadScreen.m */ = {isa = PBXFileReference; fileEncoding = 4; lastKnownFileType = sourcecode.c.objc; path = CLLoadScreen.m; sourceTree = "<group>"; };
		E911926B1D3363B300D0C131 /* CLLoadScreen+Subviews.h */ = {isa = PBXFileReference; fileEncoding = 4; lastKnownFileType = sourcecode.c.h; path = "CLLoadScreen+Subviews.h"; sourceTree = "<group>"; };
		E911926C1D3363B300D0C131 /* CLLoadScreen+Subviews.m */ = {isa = PBXFileReference; fileEncoding = 4; lastKnownFileType = sourcecode.c.objc; path = "CLLoadScreen+Subviews.m"; sourceTree = "<group>"; };
		E9387F7C1D2927FC00DACE07 /* CatalogueLite.app */ = {isa = PBXFileReference; explicitFileType = wrapper.application; includeInIndex = 0; path = CatalogueLite.app; sourceTree = BUILT_PRODUCTS_DIR; };
		E9387F801D2927FC00DACE07 /* main.m */ = {isa = PBXFileReference; lastKnownFileType = sourcecode.c.objc; path = main.m; sourceTree = "<group>"; };
		E9387F891D2927FC00DACE07 /* Base */ = {isa = PBXFileReference; lastKnownFileType = file.storyboard; name = Base; path = Base.lproj/Main.storyboard; sourceTree = "<group>"; };
		E9387F8B1D2927FC00DACE07 /* Assets.xcassets */ = {isa = PBXFileReference; lastKnownFileType = folder.assetcatalog; path = Assets.xcassets; sourceTree = "<group>"; };
		E9387F8E1D2927FC00DACE07 /* Base */ = {isa = PBXFileReference; lastKnownFileType = file.storyboard; name = Base; path = Base.lproj/LaunchScreen.storyboard; sourceTree = "<group>"; };
		E9387F901D2927FC00DACE07 /* Info.plist */ = {isa = PBXFileReference; lastKnownFileType = text.plist.xml; path = Info.plist; sourceTree = "<group>"; };
		E9387F951D2927FC00DACE07 /* CatalogueLiteTests.xctest */ = {isa = PBXFileReference; explicitFileType = wrapper.cfbundle; includeInIndex = 0; path = CatalogueLiteTests.xctest; sourceTree = BUILT_PRODUCTS_DIR; };
		E9387F991D2927FC00DACE07 /* CatalogueLiteTests.m */ = {isa = PBXFileReference; lastKnownFileType = sourcecode.c.objc; path = CatalogueLiteTests.m; sourceTree = "<group>"; };
		E9387F9B1D2927FC00DACE07 /* Info.plist */ = {isa = PBXFileReference; lastKnownFileType = text.plist.xml; path = Info.plist; sourceTree = "<group>"; };
		E9387FA01D2927FC00DACE07 /* CatalogueLiteUITests.xctest */ = {isa = PBXFileReference; explicitFileType = wrapper.cfbundle; includeInIndex = 0; path = CatalogueLiteUITests.xctest; sourceTree = BUILT_PRODUCTS_DIR; };
		E9387FA41D2927FC00DACE07 /* CatalogueLiteUITests.m */ = {isa = PBXFileReference; lastKnownFileType = sourcecode.c.objc; path = CatalogueLiteUITests.m; sourceTree = "<group>"; };
		E9387FA61D2927FC00DACE07 /* Info.plist */ = {isa = PBXFileReference; lastKnownFileType = text.plist.xml; path = Info.plist; sourceTree = "<group>"; };
		E9387FB21D2928A100DACE07 /* CLAppDelegate.h */ = {isa = PBXFileReference; fileEncoding = 4; lastKnownFileType = sourcecode.c.h; path = CLAppDelegate.h; sourceTree = "<group>"; };
		E9387FB31D2928A100DACE07 /* CLAppDelegate.m */ = {isa = PBXFileReference; fileEncoding = 4; lastKnownFileType = sourcecode.c.objc; path = CLAppDelegate.m; sourceTree = "<group>"; };
		E948FE1F1DAC0F4A007F5C56 /* IBESBannersService.h */ = {isa = PBXFileReference; fileEncoding = 4; lastKnownFileType = sourcecode.c.h; path = IBESBannersService.h; sourceTree = "<group>"; };
		E948FE201DAC0F4A007F5C56 /* IBESBannersService.m */ = {isa = PBXFileReference; fileEncoding = 4; lastKnownFileType = sourcecode.c.objc; path = IBESBannersService.m; sourceTree = "<group>"; };
		E94975621D38D1C100522DFB /* CLLibraryAPI.h */ = {isa = PBXFileReference; fileEncoding = 4; lastKnownFileType = sourcecode.c.h; path = CLLibraryAPI.h; sourceTree = "<group>"; };
		E94975631D38D1C100522DFB /* CLLibraryAPI.m */ = {isa = PBXFileReference; fileEncoding = 4; lastKnownFileType = sourcecode.c.objc; path = CLLibraryAPI.m; sourceTree = "<group>"; };
		E94B5BBC1DAE2912007BF387 /* IBESInfoPageListJSONModel.h */ = {isa = PBXFileReference; fileEncoding = 4; lastKnownFileType = sourcecode.c.h; path = IBESInfoPageListJSONModel.h; sourceTree = "<group>"; };
		E94B5BBD1DAE2912007BF387 /* IBESInfoPageListJSONModel.m */ = {isa = PBXFileReference; fileEncoding = 4; lastKnownFileType = sourcecode.c.objc; path = IBESInfoPageListJSONModel.m; sourceTree = "<group>"; };
		E94B5BBF1DAE2DB4007BF387 /* IBESInfoPageJSONModel.h */ = {isa = PBXFileReference; fileEncoding = 4; lastKnownFileType = sourcecode.c.h; path = IBESInfoPageJSONModel.h; sourceTree = "<group>"; };
		E94B5BC01DAE2DB4007BF387 /* IBESInfoPageJSONModel.m */ = {isa = PBXFileReference; fileEncoding = 4; lastKnownFileType = sourcecode.c.objc; path = IBESInfoPageJSONModel.m; sourceTree = "<group>"; };
		E95693561DA9488C008881B4 /* IBESBannersParser.h */ = {isa = PBXFileReference; fileEncoding = 4; lastKnownFileType = sourcecode.c.h; path = IBESBannersParser.h; sourceTree = "<group>"; };
		E95693571DA9488C008881B4 /* IBESBannersParser.m */ = {isa = PBXFileReference; fileEncoding = 4; lastKnownFileType = sourcecode.c.objc; path = IBESBannersParser.m; sourceTree = "<group>"; };
		E95693591DA94CE3008881B4 /* IBESBannersListJSONModel.h */ = {isa = PBXFileReference; fileEncoding = 4; lastKnownFileType = sourcecode.c.h; path = IBESBannersListJSONModel.h; sourceTree = "<group>"; };
		E956935A1DA94CE3008881B4 /* IBESBannersListJSONModel.m */ = {isa = PBXFileReference; fileEncoding = 4; lastKnownFileType = sourcecode.c.objc; path = IBESBannersListJSONModel.m; sourceTree = "<group>"; };
		E956935C1DA94DC3008881B4 /* IBESBannerJSONModel.h */ = {isa = PBXFileReference; fileEncoding = 4; lastKnownFileType = sourcecode.c.h; path = IBESBannerJSONModel.h; sourceTree = "<group>"; };
		E956935D1DA94DC3008881B4 /* IBESBannerJSONModel.m */ = {isa = PBXFileReference; fileEncoding = 4; lastKnownFileType = sourcecode.c.objc; path = IBESBannerJSONModel.m; sourceTree = "<group>"; };
		E95C90751D3A5FA300A39A29 /* SystemConfiguration.framework */ = {isa = PBXFileReference; lastKnownFileType = wrapper.framework; name = SystemConfiguration.framework; path = System/Library/Frameworks/SystemConfiguration.framework; sourceTree = SDKROOT; };
		E976C5281D8A496B00EB4DB8 /* IBESService.h */ = {isa = PBXFileReference; fileEncoding = 4; lastKnownFileType = sourcecode.c.h; path = IBESService.h; sourceTree = "<group>"; };
		E976C5291D8A496B00EB4DB8 /* IBESService.m */ = {isa = PBXFileReference; fileEncoding = 4; lastKnownFileType = sourcecode.c.objc; path = IBESService.m; sourceTree = "<group>"; };
		E9BAD0661DAE33FB0010820E /* IBESInfoPageParser.h */ = {isa = PBXFileReference; fileEncoding = 4; lastKnownFileType = sourcecode.c.h; path = IBESInfoPageParser.h; sourceTree = "<group>"; };
		E9BAD0671DAE33FB0010820E /* IBESInfoPageParser.m */ = {isa = PBXFileReference; fileEncoding = 4; lastKnownFileType = sourcecode.c.objc; path = IBESInfoPageParser.m; sourceTree = "<group>"; };
		E9BAD0691DAE3DC10010820E /* IBESInfoPageRequest.h */ = {isa = PBXFileReference; fileEncoding = 4; lastKnownFileType = sourcecode.c.h; path = IBESInfoPageRequest.h; sourceTree = "<group>"; };
		E9BAD06A1DAE3DC10010820E /* IBESInfoPageRequest.m */ = {isa = PBXFileReference; fileEncoding = 4; lastKnownFileType = sourcecode.c.objc; path = IBESInfoPageRequest.m; sourceTree = "<group>"; };
		E9BAD06C1DAE3EF00010820E /* IBESInfoPageService.h */ = {isa = PBXFileReference; fileEncoding = 4; lastKnownFileType = sourcecode.c.h; path = IBESInfoPageService.h; sourceTree = "<group>"; };
		E9BAD06D1DAE3EF00010820E /* IBESInfoPageService.m */ = {isa = PBXFileReference; fileEncoding = 4; lastKnownFileType = sourcecode.c.objc; path = IBESInfoPageService.m; sourceTree = "<group>"; };
		E9BAD0701DAF5E060010820E /* IBESBaseInfoJSONModel.h */ = {isa = PBXFileReference; fileEncoding = 4; lastKnownFileType = sourcecode.c.h; path = IBESBaseInfoJSONModel.h; sourceTree = "<group>"; };
		E9BAD0711DAF5E060010820E /* IBESBaseInfoJSONModel.m */ = {isa = PBXFileReference; fileEncoding = 4; lastKnownFileType = sourcecode.c.objc; path = IBESBaseInfoJSONModel.m; sourceTree = "<group>"; };
		E9BAD0741DAF61EB0010820E /* IBESBaseInfoParser.h */ = {isa = PBXFileReference; fileEncoding = 4; lastKnownFileType = sourcecode.c.h; path = IBESBaseInfoParser.h; sourceTree = "<group>"; };
		E9BAD0751DAF61EB0010820E /* IBESBaseInfoParser.m */ = {isa = PBXFileReference; fileEncoding = 4; lastKnownFileType = sourcecode.c.objc; path = IBESBaseInfoParser.m; sourceTree = "<group>"; };
		E9BAD0771DAF89E30010820E /* IBESBaseInfoRequest.h */ = {isa = PBXFileReference; fileEncoding = 4; lastKnownFileType = sourcecode.c.h; path = IBESBaseInfoRequest.h; sourceTree = "<group>"; };
		E9BAD0781DAF89E30010820E /* IBESBaseInfoRequest.m */ = {isa = PBXFileReference; fileEncoding = 4; lastKnownFileType = sourcecode.c.objc; path = IBESBaseInfoRequest.m; sourceTree = "<group>"; };
		E9BAD07A1DAF8A5B0010820E /* IBESBaseInfoService.h */ = {isa = PBXFileReference; fileEncoding = 4; lastKnownFileType = sourcecode.c.h; path = IBESBaseInfoService.h; sourceTree = "<group>"; };
		E9BAD07B1DAF8A5B0010820E /* IBESBaseInfoService.m */ = {isa = PBXFileReference; fileEncoding = 4; lastKnownFileType = sourcecode.c.objc; path = IBESBaseInfoService.m; sourceTree = "<group>"; };
		E9BAD0841DAFA35A0010820E /* IBESTaxonIconJSONModel.h */ = {isa = PBXFileReference; fileEncoding = 4; lastKnownFileType = sourcecode.c.h; path = IBESTaxonIconJSONModel.h; sourceTree = "<group>"; };
		E9BAD0851DAFA35A0010820E /* IBESTaxonIconJSONModel.m */ = {isa = PBXFileReference; fileEncoding = 4; lastKnownFileType = sourcecode.c.objc; path = IBESTaxonIconJSONModel.m; sourceTree = "<group>"; };
		E9BAD0871DAFA3A90010820E /* IBESTaxonJSONModel.h */ = {isa = PBXFileReference; fileEncoding = 4; lastKnownFileType = sourcecode.c.h; path = IBESTaxonJSONModel.h; sourceTree = "<group>"; };
		E9BAD0881DAFA3A90010820E /* IBESTaxonJSONModel.m */ = {isa = PBXFileReference; fileEncoding = 4; lastKnownFileType = sourcecode.c.objc; path = IBESTaxonJSONModel.m; sourceTree = "<group>"; };
		E9BAD08A1DAFA83E0010820E /* IBESTaxonsListJSONModel.h */ = {isa = PBXFileReference; fileEncoding = 4; lastKnownFileType = sourcecode.c.h; path = IBESTaxonsListJSONModel.h; sourceTree = "<group>"; };
		E9BAD08B1DAFA83E0010820E /* IBESTaxonsListJSONModel.m */ = {isa = PBXFileReference; fileEncoding = 4; lastKnownFileType = sourcecode.c.objc; path = IBESTaxonsListJSONModel.m; sourceTree = "<group>"; };
		E9BAD08D1DAFAB0D0010820E /* IBESTaxonsParser.h */ = {isa = PBXFileReference; fileEncoding = 4; lastKnownFileType = sourcecode.c.h; path = IBESTaxonsParser.h; sourceTree = "<group>"; };
		E9BAD08E1DAFAB0D0010820E /* IBESTaxonsParser.m */ = {isa = PBXFileReference; fileEncoding = 4; lastKnownFileType = sourcecode.c.objc; path = IBESTaxonsParser.m; sourceTree = "<group>"; };
		E9BAD0901DAFB76F0010820E /* IBESTaxonsRequest.h */ = {isa = PBXFileReference; fileEncoding = 4; lastKnownFileType = sourcecode.c.h; path = IBESTaxonsRequest.h; sourceTree = "<group>"; };
		E9BAD0911DAFB76F0010820E /* IBESTaxonsRequest.m */ = {isa = PBXFileReference; fileEncoding = 4; lastKnownFileType = sourcecode.c.objc; path = IBESTaxonsRequest.m; sourceTree = "<group>"; };
		E9BAD0931DAFBAD10010820E /* IBESTaxonsService.h */ = {isa = PBXFileReference; fileEncoding = 4; lastKnownFileType = sourcecode.c.h; path = IBESTaxonsService.h; sourceTree = "<group>"; };
		E9BAD0941DAFBAD10010820E /* IBESTaxonsService.m */ = {isa = PBXFileReference; fileEncoding = 4; lastKnownFileType = sourcecode.c.objc; path = IBESTaxonsService.m; sourceTree = "<group>"; };
		E9E0EDD21DCA148F0083F16B /* IBESLoadingViewController.h */ = {isa = PBXFileReference; fileEncoding = 4; lastKnownFileType = sourcecode.c.h; path = IBESLoadingViewController.h; sourceTree = "<group>"; };
		E9E0EDD31DCA148F0083F16B /* IBESLoadingViewController.m */ = {isa = PBXFileReference; fileEncoding = 4; lastKnownFileType = sourcecode.c.objc; path = IBESLoadingViewController.m; sourceTree = "<group>"; };
		E9E0EDD61DCA15120083F16B /* IBESMenuViewController.h */ = {isa = PBXFileReference; fileEncoding = 4; lastKnownFileType = sourcecode.c.h; path = IBESMenuViewController.h; sourceTree = "<group>"; };
		E9E0EDD71DCA15120083F16B /* IBESMenuViewController.m */ = {isa = PBXFileReference; fileEncoding = 4; lastKnownFileType = sourcecode.c.objc; path = IBESMenuViewController.m; sourceTree = "<group>"; };
		F31C99E0BFE8E81DEE72EA04 /* Pods-CatalogueLiteTests.debug.xcconfig */ = {isa = PBXFileReference; includeInIndex = 1; lastKnownFileType = text.xcconfig; name = "Pods-CatalogueLiteTests.debug.xcconfig"; path = "Pods/Target Support Files/Pods-CatalogueLiteTests/Pods-CatalogueLiteTests.debug.xcconfig"; sourceTree = "<group>"; };
/* End PBXFileReference section */

/* Begin PBXFrameworksBuildPhase section */
		E9387F791D2927FC00DACE07 /* Frameworks */ = {
			isa = PBXFrameworksBuildPhase;
			buildActionMask = 2147483647;
			files = (
				E95C90761D3A5FA300A39A29 /* SystemConfiguration.framework in Frameworks */,
				A46CDFB2316CC6C58EFC0CBE /* libPods-CatalogueLite.a in Frameworks */,
			);
			runOnlyForDeploymentPostprocessing = 0;
		};
		E9387F921D2927FC00DACE07 /* Frameworks */ = {
			isa = PBXFrameworksBuildPhase;
			buildActionMask = 2147483647;
			files = (
				914F3D5F1CFAB4F2D096F182 /* libPods-CatalogueLiteTests.a in Frameworks */,
			);
			runOnlyForDeploymentPostprocessing = 0;
		};
		E9387F9D1D2927FC00DACE07 /* Frameworks */ = {
			isa = PBXFrameworksBuildPhase;
			buildActionMask = 2147483647;
			files = (
				858A7D1A5418E05CB7F4FBE0 /* libPods-CatalogueLiteUITests.a in Frameworks */,
			);
			runOnlyForDeploymentPostprocessing = 0;
		};
/* End PBXFrameworksBuildPhase section */

/* Begin PBXGroup section */
		26F7F2466F688CC04F9A1C9F /* Frameworks */ = {
			isa = PBXGroup;
			children = (
				E5977185B659B90E59EDDB8A /* libPods-CatalogueLite.a */,
				33226398CCCE104E9FE3C2E6 /* libPods-CatalogueLiteTests.a */,
				C78E3D82DEED5FE441DE4CC8 /* libPods-CatalogueLiteUITests.a */,
			);
			name = Frameworks;
			sourceTree = "<group>";
		};
		BC56B9062460E459B69A996C /* Pods */ = {
			isa = PBXGroup;
			children = (
				089576ADF133CEA487689CCA /* Pods-CatalogueLite.debug.xcconfig */,
				E2863B802C70AD6D94D83429 /* Pods-CatalogueLite.release.xcconfig */,
				F31C99E0BFE8E81DEE72EA04 /* Pods-CatalogueLiteTests.debug.xcconfig */,
				8F63E617017DF3D5B4E10DF9 /* Pods-CatalogueLiteTests.release.xcconfig */,
				AB35DDE79FB9679B7161E8A6 /* Pods-CatalogueLiteUITests.debug.xcconfig */,
				34FE3771FA24AAFC796B3794 /* Pods-CatalogueLiteUITests.release.xcconfig */,
			);
			name = Pods;
			sourceTree = "<group>";
		};
		E902B3341D34DE1B00F65A99 /* View */ = {
			isa = PBXGroup;
			children = (
				E91192681D3361AE00D0C131 /* CLLoadScreen.h */,
				E91192691D3361AE00D0C131 /* CLLoadScreen.m */,
				E911926B1D3363B300D0C131 /* CLLoadScreen+Subviews.h */,
				E911926C1D3363B300D0C131 /* CLLoadScreen+Subviews.m */,
			);
			name = View;
			sourceTree = "<group>";
		};
		E902B3361D34DE4C00F65A99 /* Controller */ = {
			isa = PBXGroup;
			children = (
				E9E0EDD11DCA14450083F16B /* LoadingController */,
				E9E0EDD51DCA14BF0083F16B /* MenuController */,
			);
			name = Controller;
			sourceTree = "<group>";
		};
		E902B3371D34DE7F00F65A99 /* API */ = {
			isa = PBXGroup;
			children = (
				E96B89401D93B20600EF2A8D /* Abstruct */,
				E986C7EE1DA99B4E00237EC0 /* Banner */,
				E94B5BB81DAD60BC007BF387 /* InfoPage */,
				E9BAD07D1DAFA04F0010820E /* Taxon */,
				E9BAD06F1DAF5DB50010820E /* BaseInfo */,
				E9BAD0731DAF61820010820E /* Cache */,
				E903C0311DB8C67100F6C98F /* BlockOperation */,
				E94975621D38D1C100522DFB /* CLLibraryAPI.h */,
				E94975631D38D1C100522DFB /* CLLibraryAPI.m */,
			);
			name = API;
			sourceTree = "<group>";
		};
		E903C0311DB8C67100F6C98F /* BlockOperation */ = {
			isa = PBXGroup;
			children = (
				E903C0321DB8C6A900F6C98F /* IBESBlockOperationWithProgress.h */,
				E903C0331DB8C6A900F6C98F /* IBESBlockOperationWithProgress.m */,
			);
			name = BlockOperation;
			sourceTree = "<group>";
		};
		E90B81A51D9BB95700EAAF75 /* Request */ = {
			isa = PBXGroup;
			children = (
				E90152901D81911100638832 /* IBESRequest.h */,
				E90152911D81911100638832 /* IBESRequest.m */,
			);
			name = Request;
			sourceTree = "<group>";
		};
		E90B81A61D9BB96900EAAF75 /* Service */ = {
			isa = PBXGroup;
			children = (
				E976C5281D8A496B00EB4DB8 /* IBESService.h */,
				E976C5291D8A496B00EB4DB8 /* IBESService.m */,
			);
			name = Service;
			sourceTree = "<group>";
		};
		E935FA6C1D9E1648007C1418 /* Parser */ = {
			isa = PBXGroup;
			children = (
				E906ACC81DA6810D001E6F63 /* IBESParser.h */,
				E906ACC91DA6810D001E6F63 /* IBESParser.m */,
			);
			name = Parser;
			sourceTree = "<group>";
		};
		E9387F731D2927FC00DACE07 = {
			isa = PBXGroup;
			children = (
				E95C90751D3A5FA300A39A29 /* SystemConfiguration.framework */,
				E9387F7E1D2927FC00DACE07 /* CatalogueLite */,
				E9387F981D2927FC00DACE07 /* CatalogueLiteTests */,
				E9387FA31D2927FC00DACE07 /* CatalogueLiteUITests */,
				E9387F7D1D2927FC00DACE07 /* Products */,
				BC56B9062460E459B69A996C /* Pods */,
				26F7F2466F688CC04F9A1C9F /* Frameworks */,
			);
			sourceTree = "<group>";
			tabWidth = 4;
			usesTabs = 0;
		};
		E9387F7D1D2927FC00DACE07 /* Products */ = {
			isa = PBXGroup;
			children = (
				E9387F7C1D2927FC00DACE07 /* CatalogueLite.app */,
				E9387F951D2927FC00DACE07 /* CatalogueLiteTests.xctest */,
				E9387FA01D2927FC00DACE07 /* CatalogueLiteUITests.xctest */,
			);
			name = Products;
			sourceTree = "<group>";
		};
		E9387F7E1D2927FC00DACE07 /* CatalogueLite */ = {
			isa = PBXGroup;
			children = (
				E902B3371D34DE7F00F65A99 /* API */,
				E902B3361D34DE4C00F65A99 /* Controller */,
				E902B3341D34DE1B00F65A99 /* View */,
				E9387F7F1D2927FC00DACE07 /* Supporting Files */,
			);
			path = CatalogueLite;
			sourceTree = "<group>";
		};
		E9387F7F1D2927FC00DACE07 /* Supporting Files */ = {
			isa = PBXGroup;
			children = (
				E9387F801D2927FC00DACE07 /* main.m */,
				E9387FB21D2928A100DACE07 /* CLAppDelegate.h */,
				E9387FB31D2928A100DACE07 /* CLAppDelegate.m */,
				E9387F881D2927FC00DACE07 /* Main.storyboard */,
				E9387F8D1D2927FC00DACE07 /* LaunchScreen.storyboard */,
				E9387F8B1D2927FC00DACE07 /* Assets.xcassets */,
				E9387F901D2927FC00DACE07 /* Info.plist */,
			);
			name = "Supporting Files";
			sourceTree = "<group>";
		};
		E9387F981D2927FC00DACE07 /* CatalogueLiteTests */ = {
			isa = PBXGroup;
			children = (
				E9387F991D2927FC00DACE07 /* CatalogueLiteTests.m */,
				E9387F9B1D2927FC00DACE07 /* Info.plist */,
			);
			path = CatalogueLiteTests;
			sourceTree = "<group>";
		};
		E9387FA31D2927FC00DACE07 /* CatalogueLiteUITests */ = {
			isa = PBXGroup;
			children = (
				E9387FA41D2927FC00DACE07 /* CatalogueLiteUITests.m */,
				E9387FA61D2927FC00DACE07 /* Info.plist */,
			);
			path = CatalogueLiteUITests;
			sourceTree = "<group>";
		};
		E94B5BB81DAD60BC007BF387 /* InfoPage */ = {
			isa = PBXGroup;
			children = (
				E94B5BBF1DAE2DB4007BF387 /* IBESInfoPageJSONModel.h */,
				E94B5BC01DAE2DB4007BF387 /* IBESInfoPageJSONModel.m */,
				E94B5BBC1DAE2912007BF387 /* IBESInfoPageListJSONModel.h */,
				E94B5BBD1DAE2912007BF387 /* IBESInfoPageListJSONModel.m */,
				E9BAD0661DAE33FB0010820E /* IBESInfoPageParser.h */,
				E9BAD0671DAE33FB0010820E /* IBESInfoPageParser.m */,
				E9BAD0691DAE3DC10010820E /* IBESInfoPageRequest.h */,
				E9BAD06A1DAE3DC10010820E /* IBESInfoPageRequest.m */,
				E9BAD06C1DAE3EF00010820E /* IBESInfoPageService.h */,
				E9BAD06D1DAE3EF00010820E /* IBESInfoPageService.m */,
			);
			name = InfoPage;
			sourceTree = "<group>";
		};
		E96B89401D93B20600EF2A8D /* Abstruct */ = {
			isa = PBXGroup;
			children = (
				E935FA6C1D9E1648007C1418 /* Parser */,
				E90B81A51D9BB95700EAAF75 /* Request */,
				E90B81A61D9BB96900EAAF75 /* Service */,
			);
			name = Abstruct;
			sourceTree = "<group>";
		};
		E986C7EE1DA99B4E00237EC0 /* Banner */ = {
			isa = PBXGroup;
			children = (
				E956935C1DA94DC3008881B4 /* IBESBannerJSONModel.h */,
				E956935D1DA94DC3008881B4 /* IBESBannerJSONModel.m */,
				E95693591DA94CE3008881B4 /* IBESBannersListJSONModel.h */,
				E956935A1DA94CE3008881B4 /* IBESBannersListJSONModel.m */,
				E95693561DA9488C008881B4 /* IBESBannersParser.h */,
				E95693571DA9488C008881B4 /* IBESBannersParser.m */,
				E90B81A81D9BB9D300EAAF75 /* IBESBannersRequest.h */,
				E90B81A91D9BB9D300EAAF75 /* IBESBannersRequest.m */,
				E948FE1F1DAC0F4A007F5C56 /* IBESBannersService.h */,
				E948FE201DAC0F4A007F5C56 /* IBESBannersService.m */,
			);
			name = Banner;
			sourceTree = "<group>";
		};
		E9BAD06F1DAF5DB50010820E /* BaseInfo */ = {
			isa = PBXGroup;
			children = (
				E9BAD0701DAF5E060010820E /* IBESBaseInfoJSONModel.h */,
				E9BAD0711DAF5E060010820E /* IBESBaseInfoJSONModel.m */,
				E9BAD0741DAF61EB0010820E /* IBESBaseInfoParser.h */,
				E9BAD0751DAF61EB0010820E /* IBESBaseInfoParser.m */,
				E9BAD0771DAF89E30010820E /* IBESBaseInfoRequest.h */,
				E9BAD0781DAF89E30010820E /* IBESBaseInfoRequest.m */,
				E9BAD07A1DAF8A5B0010820E /* IBESBaseInfoService.h */,
				E9BAD07B1DAF8A5B0010820E /* IBESBaseInfoService.m */,
			);
			name = BaseInfo;
			sourceTree = "<group>";
		};
		E9BAD0731DAF61820010820E /* Cache */ = {
			isa = PBXGroup;
			children = (
				E90886AD1D9032A3004E90F9 /* IBESCache.h */,
				E90886AE1D9032A3004E90F9 /* IBESCache.m */,
			);
			name = Cache;
			sourceTree = "<group>";
		};
		E9BAD07D1DAFA04F0010820E /* Taxon */ = {
			isa = PBXGroup;
			children = (
				E9BAD0841DAFA35A0010820E /* IBESTaxonIconJSONModel.h */,
				E9BAD0851DAFA35A0010820E /* IBESTaxonIconJSONModel.m */,
				E9BAD0871DAFA3A90010820E /* IBESTaxonJSONModel.h */,
				E9BAD0881DAFA3A90010820E /* IBESTaxonJSONModel.m */,
				E9BAD08A1DAFA83E0010820E /* IBESTaxonsListJSONModel.h */,
				E9BAD08B1DAFA83E0010820E /* IBESTaxonsListJSONModel.m */,
				E9BAD08D1DAFAB0D0010820E /* IBESTaxonsParser.h */,
				E9BAD08E1DAFAB0D0010820E /* IBESTaxonsParser.m */,
				E9BAD0901DAFB76F0010820E /* IBESTaxonsRequest.h */,
				E9BAD0911DAFB76F0010820E /* IBESTaxonsRequest.m */,
				E9BAD0931DAFBAD10010820E /* IBESTaxonsService.h */,
				E9BAD0941DAFBAD10010820E /* IBESTaxonsService.m */,
			);
			name = Taxon;
			sourceTree = "<group>";
		};
		E9E0EDD11DCA14450083F16B /* LoadingController */ = {
			isa = PBXGroup;
			children = (
				E91192631D335EDD00D0C131 /* CLLoadScreenViewController.h */,
				E91192641D335EDD00D0C131 /* CLLoadScreenViewController.m */,
				E9E0EDD21DCA148F0083F16B /* IBESLoadingViewController.h */,
				E9E0EDD31DCA148F0083F16B /* IBESLoadingViewController.m */,
			);
			name = LoadingController;
			sourceTree = "<group>";
		};
		E9E0EDD51DCA14BF0083F16B /* MenuController */ = {
			isa = PBXGroup;
			children = (
				E9E0EDD61DCA15120083F16B /* IBESMenuViewController.h */,
				E9E0EDD71DCA15120083F16B /* IBESMenuViewController.m */,
			);
			name = MenuController;
			sourceTree = "<group>";
		};
/* End PBXGroup section */

/* Begin PBXNativeTarget section */
		E9387F7B1D2927FC00DACE07 /* CatalogueLite */ = {
			isa = PBXNativeTarget;
			buildConfigurationList = E9387FA91D2927FC00DACE07 /* Build configuration list for PBXNativeTarget "CatalogueLite" */;
			buildPhases = (
				E14BF592C44A66826F8706ED /* [CP] Check Pods Manifest.lock */,
				E9387F781D2927FC00DACE07 /* Sources */,
				E9387F791D2927FC00DACE07 /* Frameworks */,
				E9387F7A1D2927FC00DACE07 /* Resources */,
				5499AFD9F050A255396A5409 /* [CP] Embed Pods Frameworks */,
				5363EB2B6EF237FE3A983FCB /* [CP] Copy Pods Resources */,
			);
			buildRules = (
			);
			dependencies = (
			);
			name = CatalogueLite;
			productName = CatalogueLite;
			productReference = E9387F7C1D2927FC00DACE07 /* CatalogueLite.app */;
			productType = "com.apple.product-type.application";
		};
		E9387F941D2927FC00DACE07 /* CatalogueLiteTests */ = {
			isa = PBXNativeTarget;
			buildConfigurationList = E9387FAC1D2927FC00DACE07 /* Build configuration list for PBXNativeTarget "CatalogueLiteTests" */;
			buildPhases = (
				02C91ECA1CAB369728B312EA /* [CP] Check Pods Manifest.lock */,
				E9387F911D2927FC00DACE07 /* Sources */,
				E9387F921D2927FC00DACE07 /* Frameworks */,
				E9387F931D2927FC00DACE07 /* Resources */,
				7270073B5B83233D7C4E9329 /* [CP] Embed Pods Frameworks */,
				860D887E3BEF23DA6554849B /* [CP] Copy Pods Resources */,
			);
			buildRules = (
			);
			dependencies = (
				E9387F971D2927FC00DACE07 /* PBXTargetDependency */,
			);
			name = CatalogueLiteTests;
			productName = CatalogueLiteTests;
			productReference = E9387F951D2927FC00DACE07 /* CatalogueLiteTests.xctest */;
			productType = "com.apple.product-type.bundle.unit-test";
		};
		E9387F9F1D2927FC00DACE07 /* CatalogueLiteUITests */ = {
			isa = PBXNativeTarget;
			buildConfigurationList = E9387FAF1D2927FC00DACE07 /* Build configuration list for PBXNativeTarget "CatalogueLiteUITests" */;
			buildPhases = (
				C47CAE278512F8AED96B4753 /* [CP] Check Pods Manifest.lock */,
				E9387F9C1D2927FC00DACE07 /* Sources */,
				E9387F9D1D2927FC00DACE07 /* Frameworks */,
				E9387F9E1D2927FC00DACE07 /* Resources */,
				938769EB07A4C33A34404A25 /* [CP] Copy Pods Resources */,
			);
			buildRules = (
			);
			dependencies = (
				E9387FA21D2927FC00DACE07 /* PBXTargetDependency */,
			);
			name = CatalogueLiteUITests;
			productName = CatalogueLiteUITests;
			productReference = E9387FA01D2927FC00DACE07 /* CatalogueLiteUITests.xctest */;
			productType = "com.apple.product-type.bundle.ui-testing";
		};
/* End PBXNativeTarget section */

/* Begin PBXProject section */
		E9387F741D2927FC00DACE07 /* Project object */ = {
			isa = PBXProject;
			attributes = {
				LastUpgradeCheck = 0810;
				ORGANIZATIONNAME = IBES;
				TargetAttributes = {
					E9387F7B1D2927FC00DACE07 = {
						CreatedOnToolsVersion = 7.3.1;
					};
					E9387F941D2927FC00DACE07 = {
						CreatedOnToolsVersion = 7.3.1;
						TestTargetID = E9387F7B1D2927FC00DACE07;
					};
					E9387F9F1D2927FC00DACE07 = {
						CreatedOnToolsVersion = 7.3.1;
						TestTargetID = E9387F7B1D2927FC00DACE07;
					};
				};
			};
			buildConfigurationList = E9387F771D2927FC00DACE07 /* Build configuration list for PBXProject "CatalogueLite" */;
			compatibilityVersion = "Xcode 6.3";
			developmentRegion = English;
			hasScannedForEncodings = 0;
			knownRegions = (
				en,
				Base,
			);
			mainGroup = E9387F731D2927FC00DACE07;
			productRefGroup = E9387F7D1D2927FC00DACE07 /* Products */;
			projectDirPath = "";
			projectRoot = "";
			targets = (
				E9387F7B1D2927FC00DACE07 /* CatalogueLite */,
				E9387F941D2927FC00DACE07 /* CatalogueLiteTests */,
				E9387F9F1D2927FC00DACE07 /* CatalogueLiteUITests */,
			);
		};
/* End PBXProject section */

/* Begin PBXResourcesBuildPhase section */
		E9387F7A1D2927FC00DACE07 /* Resources */ = {
			isa = PBXResourcesBuildPhase;
			buildActionMask = 2147483647;
			files = (
				E9387F8F1D2927FC00DACE07 /* LaunchScreen.storyboard in Resources */,
				E9387F8C1D2927FC00DACE07 /* Assets.xcassets in Resources */,
				E9387F8A1D2927FC00DACE07 /* Main.storyboard in Resources */,
			);
			runOnlyForDeploymentPostprocessing = 0;
		};
		E9387F931D2927FC00DACE07 /* Resources */ = {
			isa = PBXResourcesBuildPhase;
			buildActionMask = 2147483647;
			files = (
			);
			runOnlyForDeploymentPostprocessing = 0;
		};
		E9387F9E1D2927FC00DACE07 /* Resources */ = {
			isa = PBXResourcesBuildPhase;
			buildActionMask = 2147483647;
			files = (
			);
			runOnlyForDeploymentPostprocessing = 0;
		};
/* End PBXResourcesBuildPhase section */

/* Begin PBXShellScriptBuildPhase section */
		02C91ECA1CAB369728B312EA /* [CP] Check Pods Manifest.lock */ = {
			isa = PBXShellScriptBuildPhase;
			buildActionMask = 2147483647;
			files = (
			);
			inputPaths = (
			);
			name = "[CP] Check Pods Manifest.lock";
			outputPaths = (
			);
			runOnlyForDeploymentPostprocessing = 0;
			shellPath = /bin/sh;
			shellScript = "diff \"${PODS_ROOT}/../Podfile.lock\" \"${PODS_ROOT}/Manifest.lock\" > /dev/null\nif [[ $? != 0 ]] ; then\n    cat << EOM\nerror: The sandbox is not in sync with the Podfile.lock. Run 'pod install' or update your CocoaPods installation.\nEOM\n    exit 1\nfi\n";
			showEnvVarsInLog = 0;
		};
		5363EB2B6EF237FE3A983FCB /* [CP] Copy Pods Resources */ = {
			isa = PBXShellScriptBuildPhase;
			buildActionMask = 2147483647;
			files = (
			);
			inputPaths = (
			);
			name = "[CP] Copy Pods Resources";
			outputPaths = (
			);
			runOnlyForDeploymentPostprocessing = 0;
			shellPath = /bin/sh;
			shellScript = "\"${SRCROOT}/Pods/Target Support Files/Pods-CatalogueLite/Pods-CatalogueLite-resources.sh\"\n";
			showEnvVarsInLog = 0;
		};
		5499AFD9F050A255396A5409 /* [CP] Embed Pods Frameworks */ = {
			isa = PBXShellScriptBuildPhase;
			buildActionMask = 2147483647;
			files = (
			);
			inputPaths = (
			);
			name = "[CP] Embed Pods Frameworks";
			outputPaths = (
			);
			runOnlyForDeploymentPostprocessing = 0;
			shellPath = /bin/sh;
			shellScript = "\"${SRCROOT}/Pods/Target Support Files/Pods-CatalogueLite/Pods-CatalogueLite-frameworks.sh\"\n";
			showEnvVarsInLog = 0;
		};
		7270073B5B83233D7C4E9329 /* [CP] Embed Pods Frameworks */ = {
			isa = PBXShellScriptBuildPhase;
			buildActionMask = 2147483647;
			files = (
			);
			inputPaths = (
			);
			name = "[CP] Embed Pods Frameworks";
			outputPaths = (
			);
			runOnlyForDeploymentPostprocessing = 0;
			shellPath = /bin/sh;
			shellScript = "\"${SRCROOT}/Pods/Target Support Files/Pods-CatalogueLiteTests/Pods-CatalogueLiteTests-frameworks.sh\"\n";
			showEnvVarsInLog = 0;
		};
		860D887E3BEF23DA6554849B /* [CP] Copy Pods Resources */ = {
			isa = PBXShellScriptBuildPhase;
			buildActionMask = 2147483647;
			files = (
			);
			inputPaths = (
			);
			name = "[CP] Copy Pods Resources";
			outputPaths = (
			);
			runOnlyForDeploymentPostprocessing = 0;
			shellPath = /bin/sh;
			shellScript = "\"${SRCROOT}/Pods/Target Support Files/Pods-CatalogueLiteTests/Pods-CatalogueLiteTests-resources.sh\"\n";
			showEnvVarsInLog = 0;
		};
		938769EB07A4C33A34404A25 /* [CP] Copy Pods Resources */ = {
			isa = PBXShellScriptBuildPhase;
			buildActionMask = 2147483647;
			files = (
			);
			inputPaths = (
			);
			name = "[CP] Copy Pods Resources";
			outputPaths = (
			);
			runOnlyForDeploymentPostprocessing = 0;
			shellPath = /bin/sh;
			shellScript = "\"${SRCROOT}/Pods/Target Support Files/Pods-CatalogueLiteUITests/Pods-CatalogueLiteUITests-resources.sh\"\n";
			showEnvVarsInLog = 0;
		};
		C47CAE278512F8AED96B4753 /* [CP] Check Pods Manifest.lock */ = {
			isa = PBXShellScriptBuildPhase;
			buildActionMask = 2147483647;
			files = (
			);
			inputPaths = (
			);
			name = "[CP] Check Pods Manifest.lock";
			outputPaths = (
			);
			runOnlyForDeploymentPostprocessing = 0;
			shellPath = /bin/sh;
			shellScript = "diff \"${PODS_ROOT}/../Podfile.lock\" \"${PODS_ROOT}/Manifest.lock\" > /dev/null\nif [[ $? != 0 ]] ; then\n    cat << EOM\nerror: The sandbox is not in sync with the Podfile.lock. Run 'pod install' or update your CocoaPods installation.\nEOM\n    exit 1\nfi\n";
			showEnvVarsInLog = 0;
		};
		E14BF592C44A66826F8706ED /* [CP] Check Pods Manifest.lock */ = {
			isa = PBXShellScriptBuildPhase;
			buildActionMask = 2147483647;
			files = (
			);
			inputPaths = (
			);
			name = "[CP] Check Pods Manifest.lock";
			outputPaths = (
			);
			runOnlyForDeploymentPostprocessing = 0;
			shellPath = /bin/sh;
			shellScript = "diff \"${PODS_ROOT}/../Podfile.lock\" \"${PODS_ROOT}/Manifest.lock\" > /dev/null\nif [[ $? != 0 ]] ; then\n    cat << EOM\nerror: The sandbox is not in sync with the Podfile.lock. Run 'pod install' or update your CocoaPods installation.\nEOM\n    exit 1\nfi\n";
			showEnvVarsInLog = 0;
		};
/* End PBXShellScriptBuildPhase section */

/* Begin PBXSourcesBuildPhase section */
		E9387F781D2927FC00DACE07 /* Sources */ = {
			isa = PBXSourcesBuildPhase;
			buildActionMask = 2147483647;
			files = (
				E9BAD07C1DAF8A5B0010820E /* IBESBaseInfoService.m in Sources */,
				E9BAD0951DAFBAD10010820E /* IBESTaxonsService.m in Sources */,
				E9387FB41D2928A100DACE07 /* CLAppDelegate.m in Sources */,
				E9BAD0681DAE33FB0010820E /* IBESInfoPageParser.m in Sources */,
				E9BAD0761DAF61EB0010820E /* IBESBaseInfoParser.m in Sources */,
				E911926D1D3363B300D0C131 /* CLLoadScreen+Subviews.m in Sources */,
				E911926A1D3361AE00D0C131 /* CLLoadScreen.m in Sources */,
				E956935B1DA94CE3008881B4 /* IBESBannersListJSONModel.m in Sources */,
				E9BAD0791DAF89E30010820E /* IBESBaseInfoRequest.m in Sources */,
				E94B5BC11DAE2DB4007BF387 /* IBESInfoPageJSONModel.m in Sources */,
				E90152921D81911100638832 /* IBESRequest.m in Sources */,
				E9BAD0721DAF5E060010820E /* IBESBaseInfoJSONModel.m in Sources */,
				E9E0EDD81DCA15120083F16B /* IBESMenuViewController.m in Sources */,
				E9387F811D2927FC00DACE07 /* main.m in Sources */,
				E9BAD06B1DAE3DC10010820E /* IBESInfoPageRequest.m in Sources */,
				E91192651D335EDE00D0C131 /* CLLoadScreenViewController.m in Sources */,
				E94B5BBE1DAE2912007BF387 /* IBESInfoPageListJSONModel.m in Sources */,
				E94975641D38D1C100522DFB /* CLLibraryAPI.m in Sources */,
				E903C0341DB8C6A900F6C98F /* IBESBlockOperationWithProgress.m in Sources */,
				E9BAD06E1DAE3EF00010820E /* IBESInfoPageService.m in Sources */,
				E90B81AA1D9BB9D300EAAF75 /* IBESBannersRequest.m in Sources */,
				E9BAD08F1DAFAB0D0010820E /* IBESTaxonsParser.m in Sources */,
				E9BAD08C1DAFA83E0010820E /* IBESTaxonsListJSONModel.m in Sources */,
				E9E0EDD41DCA148F0083F16B /* IBESLoadingViewController.m in Sources */,
				E976C52A1D8A496B00EB4DB8 /* IBESService.m in Sources */,
				E948FE211DAC0F4A007F5C56 /* IBESBannersService.m in Sources */,
				E9BAD0891DAFA3A90010820E /* IBESTaxonJSONModel.m in Sources */,
				E906ACCA1DA6810D001E6F63 /* IBESParser.m in Sources */,
				E90886AF1D9032A3004E90F9 /* IBESCache.m in Sources */,
				E956935E1DA94DC3008881B4 /* IBESBannerJSONModel.m in Sources */,
				E95693581DA9488C008881B4 /* IBESBannersParser.m in Sources */,
				E9BAD0861DAFA35A0010820E /* IBESTaxonIconJSONModel.m in Sources */,
				E9BAD0921DAFB76F0010820E /* IBESTaxonsRequest.m in Sources */,
			);
			runOnlyForDeploymentPostprocessing = 0;
		};
		E9387F911D2927FC00DACE07 /* Sources */ = {
			isa = PBXSourcesBuildPhase;
			buildActionMask = 2147483647;
			files = (
				E9387F9A1D2927FC00DACE07 /* CatalogueLiteTests.m in Sources */,
			);
			runOnlyForDeploymentPostprocessing = 0;
		};
		E9387F9C1D2927FC00DACE07 /* Sources */ = {
			isa = PBXSourcesBuildPhase;
			buildActionMask = 2147483647;
			files = (
				E9387FA51D2927FC00DACE07 /* CatalogueLiteUITests.m in Sources */,
			);
			runOnlyForDeploymentPostprocessing = 0;
		};
/* End PBXSourcesBuildPhase section */

/* Begin PBXTargetDependency section */
		E9387F971D2927FC00DACE07 /* PBXTargetDependency */ = {
			isa = PBXTargetDependency;
			target = E9387F7B1D2927FC00DACE07 /* CatalogueLite */;
			targetProxy = E9387F961D2927FC00DACE07 /* PBXContainerItemProxy */;
		};
		E9387FA21D2927FC00DACE07 /* PBXTargetDependency */ = {
			isa = PBXTargetDependency;
			target = E9387F7B1D2927FC00DACE07 /* CatalogueLite */;
			targetProxy = E9387FA11D2927FC00DACE07 /* PBXContainerItemProxy */;
		};
/* End PBXTargetDependency section */

/* Begin PBXVariantGroup section */
		E9387F881D2927FC00DACE07 /* Main.storyboard */ = {
			isa = PBXVariantGroup;
			children = (
				E9387F891D2927FC00DACE07 /* Base */,
			);
			name = Main.storyboard;
			sourceTree = "<group>";
		};
		E9387F8D1D2927FC00DACE07 /* LaunchScreen.storyboard */ = {
			isa = PBXVariantGroup;
			children = (
				E9387F8E1D2927FC00DACE07 /* Base */,
			);
			name = LaunchScreen.storyboard;
			sourceTree = "<group>";
		};
/* End PBXVariantGroup section */

/* Begin XCBuildConfiguration section */
		E9387FA71D2927FC00DACE07 /* Debug */ = {
			isa = XCBuildConfiguration;
			buildSettings = {
				ALWAYS_SEARCH_USER_PATHS = NO;
				CLANG_ANALYZER_NONNULL = YES;
				CLANG_CXX_LANGUAGE_STANDARD = "gnu++0x";
				CLANG_CXX_LIBRARY = "libc++";
				CLANG_ENABLE_MODULES = YES;
				CLANG_ENABLE_OBJC_ARC = YES;
				CLANG_WARN_BOOL_CONVERSION = YES;
				CLANG_WARN_CONSTANT_CONVERSION = YES;
				CLANG_WARN_DIRECT_OBJC_ISA_USAGE = YES_ERROR;
				CLANG_WARN_EMPTY_BODY = YES;
				CLANG_WARN_ENUM_CONVERSION = YES;
				CLANG_WARN_INFINITE_RECURSION = YES;
				CLANG_WARN_INT_CONVERSION = YES;
				CLANG_WARN_OBJC_ROOT_CLASS = YES_ERROR;
				CLANG_WARN_SUSPICIOUS_MOVE = YES;
				CLANG_WARN_UNREACHABLE_CODE = YES;
				CLANG_WARN__DUPLICATE_METHOD_MATCH = YES;
				"CODE_SIGN_IDENTITY[sdk=iphoneos*]" = "iPhone Developer";
				COPY_PHASE_STRIP = NO;
				DEBUG_INFORMATION_FORMAT = dwarf;
				ENABLE_STRICT_OBJC_MSGSEND = YES;
				ENABLE_TESTABILITY = YES;
				GCC_C_LANGUAGE_STANDARD = gnu99;
				GCC_DYNAMIC_NO_PIC = NO;
				GCC_NO_COMMON_BLOCKS = YES;
				GCC_OPTIMIZATION_LEVEL = 0;
				GCC_PREPROCESSOR_DEFINITIONS = (
					"DEBUG=1",
					"$(inherited)",
				);
				GCC_WARN_64_TO_32_BIT_CONVERSION = YES;
				GCC_WARN_ABOUT_RETURN_TYPE = YES_ERROR;
				GCC_WARN_UNDECLARED_SELECTOR = YES;
				GCC_WARN_UNINITIALIZED_AUTOS = YES_AGGRESSIVE;
				GCC_WARN_UNUSED_FUNCTION = YES;
				GCC_WARN_UNUSED_VARIABLE = YES;
				IPHONEOS_DEPLOYMENT_TARGET = 10.1;
				MTL_ENABLE_DEBUG_INFO = YES;
				ONLY_ACTIVE_ARCH = YES;
				SDKROOT = iphoneos;
			};
			name = Debug;
		};
		E9387FA81D2927FC00DACE07 /* Release */ = {
			isa = XCBuildConfiguration;
			buildSettings = {
				ALWAYS_SEARCH_USER_PATHS = NO;
				CLANG_ANALYZER_NONNULL = YES;
				CLANG_CXX_LANGUAGE_STANDARD = "gnu++0x";
				CLANG_CXX_LIBRARY = "libc++";
				CLANG_ENABLE_MODULES = YES;
				CLANG_ENABLE_OBJC_ARC = YES;
				CLANG_WARN_BOOL_CONVERSION = YES;
				CLANG_WARN_CONSTANT_CONVERSION = YES;
				CLANG_WARN_DIRECT_OBJC_ISA_USAGE = YES_ERROR;
				CLANG_WARN_EMPTY_BODY = YES;
				CLANG_WARN_ENUM_CONVERSION = YES;
				CLANG_WARN_INFINITE_RECURSION = YES;
				CLANG_WARN_INT_CONVERSION = YES;
				CLANG_WARN_OBJC_ROOT_CLASS = YES_ERROR;
				CLANG_WARN_SUSPICIOUS_MOVE = YES;
				CLANG_WARN_UNREACHABLE_CODE = YES;
				CLANG_WARN__DUPLICATE_METHOD_MATCH = YES;
				"CODE_SIGN_IDENTITY[sdk=iphoneos*]" = "iPhone Developer";
				COPY_PHASE_STRIP = NO;
				DEBUG_INFORMATION_FORMAT = "dwarf-with-dsym";
				ENABLE_NS_ASSERTIONS = NO;
				ENABLE_STRICT_OBJC_MSGSEND = YES;
				GCC_C_LANGUAGE_STANDARD = gnu99;
				GCC_NO_COMMON_BLOCKS = YES;
				GCC_WARN_64_TO_32_BIT_CONVERSION = YES;
				GCC_WARN_ABOUT_RETURN_TYPE = YES_ERROR;
				GCC_WARN_UNDECLARED_SELECTOR = YES;
				GCC_WARN_UNINITIALIZED_AUTOS = YES_AGGRESSIVE;
				GCC_WARN_UNUSED_FUNCTION = YES;
				GCC_WARN_UNUSED_VARIABLE = YES;
				IPHONEOS_DEPLOYMENT_TARGET = 10.1;
				MTL_ENABLE_DEBUG_INFO = NO;
				SDKROOT = iphoneos;
				VALIDATE_PRODUCT = YES;
			};
			name = Release;
		};
		E9387FAA1D2927FC00DACE07 /* Debug */ = {
			isa = XCBuildConfiguration;
			baseConfigurationReference = 089576ADF133CEA487689CCA /* Pods-CatalogueLite.debug.xcconfig */;
			buildSettings = {
				ASSETCATALOG_COMPILER_APPICON_NAME = AppIcon;
				INFOPLIST_FILE = CatalogueLite/Info.plist;
				IPHONEOS_DEPLOYMENT_TARGET = 10.1;
				LD_RUNPATH_SEARCH_PATHS = "$(inherited) @executable_path/Frameworks";
				PRODUCT_BUNDLE_IDENTIFIER = ru.ibes.pavel.CatalogueLite;
				PRODUCT_NAME = "$(TARGET_NAME)";
				TARGETED_DEVICE_FAMILY = 1;
			};
			name = Debug;
		};
		E9387FAB1D2927FC00DACE07 /* Release */ = {
			isa = XCBuildConfiguration;
			baseConfigurationReference = E2863B802C70AD6D94D83429 /* Pods-CatalogueLite.release.xcconfig */;
			buildSettings = {
				ASSETCATALOG_COMPILER_APPICON_NAME = AppIcon;
				INFOPLIST_FILE = CatalogueLite/Info.plist;
				IPHONEOS_DEPLOYMENT_TARGET = 10.1;
				LD_RUNPATH_SEARCH_PATHS = "$(inherited) @executable_path/Frameworks";
				PRODUCT_BUNDLE_IDENTIFIER = ru.ibes.pavel.CatalogueLite;
				PRODUCT_NAME = "$(TARGET_NAME)";
				TARGETED_DEVICE_FAMILY = 1;
			};
			name = Release;
		};
		E9387FAD1D2927FC00DACE07 /* Debug */ = {
			isa = XCBuildConfiguration;
			baseConfigurationReference = F31C99E0BFE8E81DEE72EA04 /* Pods-CatalogueLiteTests.debug.xcconfig */;
			buildSettings = {
				BUNDLE_LOADER = "$(TEST_HOST)";
				INFOPLIST_FILE = CatalogueLiteTests/Info.plist;
				LD_RUNPATH_SEARCH_PATHS = "$(inherited) @executable_path/Frameworks @loader_path/Frameworks";
				PRODUCT_BUNDLE_IDENTIFIER = ru.ibes.pavel.CatalogueLiteTests;
				PRODUCT_NAME = "$(TARGET_NAME)";
				TEST_HOST = "$(BUILT_PRODUCTS_DIR)/CatalogueLite.app/CatalogueLite";
			};
			name = Debug;
		};
		E9387FAE1D2927FC00DACE07 /* Release */ = {
			isa = XCBuildConfiguration;
			baseConfigurationReference = 8F63E617017DF3D5B4E10DF9 /* Pods-CatalogueLiteTests.release.xcconfig */;
			buildSettings = {
				BUNDLE_LOADER = "$(TEST_HOST)";
				INFOPLIST_FILE = CatalogueLiteTests/Info.plist;
				LD_RUNPATH_SEARCH_PATHS = "$(inherited) @executable_path/Frameworks @loader_path/Frameworks";
				PRODUCT_BUNDLE_IDENTIFIER = ru.ibes.pavel.CatalogueLiteTests;
				PRODUCT_NAME = "$(TARGET_NAME)";
				TEST_HOST = "$(BUILT_PRODUCTS_DIR)/CatalogueLite.app/CatalogueLite";
			};
			name = Release;
		};
		E9387FB01D2927FC00DACE07 /* Debug */ = {
			isa = XCBuildConfiguration;
			baseConfigurationReference = AB35DDE79FB9679B7161E8A6 /* Pods-CatalogueLiteUITests.debug.xcconfig */;
			buildSettings = {
				INFOPLIST_FILE = CatalogueLiteUITests/Info.plist;
				LD_RUNPATH_SEARCH_PATHS = "$(inherited) @executable_path/Frameworks @loader_path/Frameworks";
				PRODUCT_BUNDLE_IDENTIFIER = ru.ibes.pavel.CatalogueLiteUITests;
				PRODUCT_NAME = "$(TARGET_NAME)";
				TEST_TARGET_NAME = CatalogueLite;
			};
			name = Debug;
		};
		E9387FB11D2927FC00DACE07 /* Release */ = {
			isa = XCBuildConfiguration;
			baseConfigurationReference = 34FE3771FA24AAFC796B3794 /* Pods-CatalogueLiteUITests.release.xcconfig */;
			buildSettings = {
				INFOPLIST_FILE = CatalogueLiteUITests/Info.plist;
				LD_RUNPATH_SEARCH_PATHS = "$(inherited) @executable_path/Frameworks @loader_path/Frameworks";
				PRODUCT_BUNDLE_IDENTIFIER = ru.ibes.pavel.CatalogueLiteUITests;
				PRODUCT_NAME = "$(TARGET_NAME)";
				TEST_TARGET_NAME = CatalogueLite;
			};
			name = Release;
		};
/* End XCBuildConfiguration section */

/* Begin XCConfigurationList section */
		E9387F771D2927FC00DACE07 /* Build configuration list for PBXProject "CatalogueLite" */ = {
			isa = XCConfigurationList;
			buildConfigurations = (
				E9387FA71D2927FC00DACE07 /* Debug */,
				E9387FA81D2927FC00DACE07 /* Release */,
			);
			defaultConfigurationIsVisible = 0;
			defaultConfigurationName = Release;
		};
		E9387FA91D2927FC00DACE07 /* Build configuration list for PBXNativeTarget "CatalogueLite" */ = {
			isa = XCConfigurationList;
			buildConfigurations = (
				E9387FAA1D2927FC00DACE07 /* Debug */,
				E9387FAB1D2927FC00DACE07 /* Release */,
			);
			defaultConfigurationIsVisible = 0;
			defaultConfigurationName = Release;
		};
		E9387FAC1D2927FC00DACE07 /* Build configuration list for PBXNativeTarget "CatalogueLiteTests" */ = {
			isa = XCConfigurationList;
			buildConfigurations = (
				E9387FAD1D2927FC00DACE07 /* Debug */,
				E9387FAE1D2927FC00DACE07 /* Release */,
			);
			defaultConfigurationIsVisible = 0;
			defaultConfigurationName = Release;
		};
		E9387FAF1D2927FC00DACE07 /* Build configuration list for PBXNativeTarget "CatalogueLiteUITests" */ = {
			isa = XCConfigurationList;
			buildConfigurations = (
				E9387FB01D2927FC00DACE07 /* Debug */,
				E9387FB11D2927FC00DACE07 /* Release */,
			);
			defaultConfigurationIsVisible = 0;
			defaultConfigurationName = Release;
		};
/* End XCConfigurationList section */
	};
	rootObject = E9387F741D2927FC00DACE07 /* Project object */;
}
